{
  "name": "javascript",
  "version": "1.0.0",
  "lockfileVersion": 1,
  "requires": true,
  "dependencies": {
    "@log4js-node/log4js-api": {
      "version": "1.0.2",
      "resolved": "https://registry.npmjs.org/@log4js-node/log4js-api/-/log4js-api-1.0.2.tgz",
      "integrity": "sha512-6SJfx949YEWooh/CUPpJ+F491y4BYJmknz4hUN1+RHvKoUEynKbRmhnwbk/VLmh4OthLLDNCyWXfbh4DG1cTXA=="
    },
    "amdefine": {
      "version": "1.0.1",
      "resolved": "https://registry.npmjs.org/amdefine/-/amdefine-1.0.1.tgz",
      "integrity": "sha1-SlKCrBZHKek2Gbz9OtFR+BfOkfU="
    },
    "balanced-match": {
      "version": "1.0.0",
      "resolved": "https://registry.npmjs.org/balanced-match/-/balanced-match-1.0.0.tgz",
      "integrity": "sha1-ibTRmasr7kneFk6gK4nORi1xt2c="
    },
    "brace-expansion": {
      "version": "1.1.11",
      "resolved": "https://registry.npmjs.org/brace-expansion/-/brace-expansion-1.1.11.tgz",
      "integrity": "sha512-iCuPHDFgrHX7H2vEI/5xpz07zSHB00TpugqhmYtVmMO6518mCuRMoOYFldEBl0g187ufozdaHgWKcYFb61qGiA==",
      "requires": {
        "balanced-match": "^1.0.0",
        "concat-map": "0.0.1"
      }
    },
    "commander": {
      "version": "2.9.0",
      "resolved": "https://registry.npmjs.org/commander/-/commander-2.9.0.tgz",
      "integrity": "sha1-nJkJQXbhIkDLItbFFGCYQA/g99Q=",
      "requires": {
        "graceful-readlink": ">= 1.0.0"
      }
    },
    "component-type": {
      "version": "1.1.0",
      "resolved": "https://registry.npmjs.org/component-type/-/component-type-1.1.0.tgz",
      "integrity": "sha1-lbZmqtU+XI0fK+E1xFtdSZGXwMU="
    },
    "concat-map": {
      "version": "0.0.1",
      "resolved": "https://registry.npmjs.org/concat-map/-/concat-map-0.0.1.tgz",
      "integrity": "sha1-2Klr13/Wjfd5OnMDajug1UBdR3s="
    },
    "debug": {
      "version": "4.2.0",
      "resolved": "https://registry.npmjs.org/debug/-/debug-4.2.0.tgz",
      "integrity": "sha512-IX2ncY78vDTjZMFUdmsvIRFY2Cf4FnD0wRs+nQwJU8Lu99/tPFdb0VybiiMTPe3I6rQmwsqQqRBvxU+bZ/I8sg==",
      "requires": {
        "ms": "2.1.2"
      }
    },
    "dot-component": {
      "version": "0.1.1",
      "resolved": "https://registry.npmjs.org/dot-component/-/dot-component-0.1.1.tgz",
      "integrity": "sha1-2CCM5rOhMvKifw3JQ1WX7m+nt6o=",
      "requires": {
        "type-component": "*"
      }
    },
    "es6-module-loader": {
      "version": "0.17.11",
      "resolved": "https://registry.npmjs.org/es6-module-loader/-/es6-module-loader-0.17.11.tgz",
      "integrity": "sha1-CU8ELjtNMIa8/Rc4Cv+r38mfNdc=",
      "requires": {
        "when": "^3.7.2"
      }
    },
    "glob": {
      "version": "5.0.15",
      "resolved": "https://registry.npmjs.org/glob/-/glob-5.0.15.tgz",
      "integrity": "sha1-G8k2ueAvSmA/zCIuz3Yz0wuLk7E=",
      "requires": {
        "inflight": "^1.0.4",
        "inherits": "2",
        "minimatch": "2 || 3",
        "once": "^1.3.0",
        "path-is-absolute": "^1.0.0"
      }
    },
    "graceful-readlink": {
      "version": "1.0.1",
      "resolved": "https://registry.npmjs.org/graceful-readlink/-/graceful-readlink-1.0.1.tgz",
      "integrity": "sha1-TK+tdrxi8C+gObL5Tpo906ORpyU="
    },
    "inflight": {
      "version": "1.0.6",
      "resolved": "https://registry.npmjs.org/inflight/-/inflight-1.0.6.tgz",
      "integrity": "sha1-Sb1jMdfQLQwJvJEKEHW6gWW1bfk=",
      "requires": {
        "once": "^1.3.0",
        "wrappy": "1"
      }
    },
    "inherits": {
      "version": "2.0.4",
      "resolved": "https://registry.npmjs.org/inherits/-/inherits-2.0.4.tgz",
      "integrity": "sha512-k/vGaX4/Yla3WzyMCvTQOXYeIHvqOKtnqBduzTHpzpQZzAskKMhZ2K+EnBiSM9zGSoIFeMpXKxa4dYeZIQqewQ=="
    },
    "js-jsonq": {
      "version": "1.0.3",
      "resolved": "https://registry.npmjs.org/js-jsonq/-/js-jsonq-1.0.3.tgz",
      "integrity": "sha512-WLMm+6mCLiFaa+84wO8qBDpDFxSpw+3rnoHb59l7ctu0P3accr9E2qv1BabVRiAF4XGBeZt6US0kNTez12YE5A=="
    },
    "json-query-matcher": {
      "version": "1.0.2",
      "resolved": "https://registry.npmjs.org/json-query-matcher/-/json-query-matcher-1.0.2.tgz",
      "integrity": "sha512-Jx6IkcxXxF60GCTmO1BFLv7w62C5LlVmLuNAi7awbNk0usI5DL3Ma76YrXhIXQYH+KjFfh07nnbjaYtJbabLAQ==",
      "requires": {
        "@log4js-node/log4js-api": "^1.0.2",
        "lodash": "^4.17.15"
      }
    },
    "lodash": {
      "version": "4.17.20",
      "resolved": "https://registry.npmjs.org/lodash/-/lodash-4.17.20.tgz",
      "integrity": "sha512-PlhdFcillOINfeV7Ni6oF1TAEayyZBoZ8bcshTHqOYJYlrqzRK5hagpagky5o4HfCzzd1TRkXPMFq6cKk9rGmA=="
    },
    "minimatch": {
      "version": "3.0.4",
      "resolved": "https://registry.npmjs.org/minimatch/-/minimatch-3.0.4.tgz",
      "integrity": "sha512-yJHVQEhyqPLUTgt9B83PXu6W3rx4MvvHvSUvToogpwoGDOUQ+yDrR0HRot+yOCdCO7u4hX3pWft6kWBBcqh0UA==",
      "requires": {
        "brace-expansion": "^1.1.7"
      }
    },
    "moment": {
      "version": "2.29.1",
      "resolved": "https://registry.npmjs.org/moment/-/moment-2.29.1.tgz",
      "integrity": "sha512-kHmoybcPV8Sqy59DwNDY3Jefr64lK/by/da0ViFcuA4DH0vQg5Q6Ze5VimxkfQNSC+Mls/Kx53s7TjP1RhFEDQ=="
    },
    "mongo-eql": {
      "version": "1.0.0",
      "resolved": "https://registry.npmjs.org/mongo-eql/-/mongo-eql-1.0.0.tgz",
      "integrity": "sha1-+qFiRE8itQZMY5j3Nna37dXEOCQ=",
      "requires": {
        "component-type": "1.1.0",
        "debug": "*"
      }
    },
    "mongo-query": {
      "version": "0.5.7",
      "resolved": "https://registry.npmjs.org/mongo-query/-/mongo-query-0.5.7.tgz",
      "integrity": "sha1-rM9tKkzalZrce/tH+Sl3YPcnWZc=",
      "requires": {
        "component-type": "1.1.0",
        "debug": "*",
        "dot-component": "0.1.1",
        "mongo-eql": "1.0.0",
        "object-component": "0.0.3"
      }
    },
    "ms": {
      "version": "2.1.2",
      "resolved": "https://registry.npmjs.org/ms/-/ms-2.1.2.tgz",
      "integrity": "sha512-sGkPx+VjMtmA6MX27oA4FBFELFCZZ4S4XqeGOXCv68tT+jb3vk/RyaKWP0PTKyWtmLSM0b+adUTEvbs1PEaH2w=="
    },
    "node-fetch": {
      "version": "2.6.1",
      "resolved": "https://registry.npmjs.org/node-fetch/-/node-fetch-2.6.1.tgz",
      "integrity": "sha512-V4aYg89jEoVRxRb2fJdAg8FHvI7cEyYdVAh94HH0UIK8oJxUfkjlDQN9RbMx+bEjP7+ggMiFRprSti032Oipxw=="
    },
    "object-component": {
      "version": "0.0.3",
      "resolved": "https://registry.npmjs.org/object-component/-/object-component-0.0.3.tgz",
      "integrity": "sha1-8MaapQ78lbhmwYb0AKM3acsvEpE="
    },
    "once": {
      "version": "1.4.0",
      "resolved": "https://registry.npmjs.org/once/-/once-1.4.0.tgz",
      "integrity": "sha1-WDsap3WWHUsROsF9nFC6753Xa9E=",
      "requires": {
        "wrappy": "1"
      }
    },
    "path-is-absolute": {
      "version": "1.0.1",
      "resolved": "https://registry.npmjs.org/path-is-absolute/-/path-is-absolute-1.0.1.tgz",
      "integrity": "sha1-F0uSaHNVNP+8es5r9TpanhtcX18="
    },
    "queryl": {
      "version": "1.1.0",
      "resolved": "https://registry.npmjs.org/queryl/-/queryl-1.1.0.tgz",
      "integrity": "sha1-IEGlb0MMfYcSYSgbPgfIu1zjROs=",
      "requires": {
        "lodash": "^4.14.1"
      }
    },
    "rsvp": {
      "version": "3.6.2",
      "resolved": "https://registry.npmjs.org/rsvp/-/rsvp-3.6.2.tgz",
      "integrity": "sha512-OfWGQTb9vnwRjwtA2QwpG2ICclHC3pgXZO5xt8H2EfgDquO0qVdSb5T88L4qJVAEugbS56pAuV4XZM58UX8ulw=="
    },
    "semver": {
      "version": "4.3.6",
      "resolved": "https://registry.npmjs.org/semver/-/semver-4.3.6.tgz",
      "integrity": "sha1-MAvG4OhjdPe6YQaLWx7NV/xlMto="
    },
    "sift": {
      "version": "13.3.5",
      "resolved": "https://registry.npmjs.org/sift/-/sift-13.3.5.tgz",
      "integrity": "sha512-apSwBXO0Xpl7zGb26xwq7KGre9/WwyzMxUv0zmI6mLpDJQGOX+CynBgKDaSrn+AXuAuiS4orQo1ty6bU+OEN/Q=="
    },
    "source-map": {
      "version": "0.1.32",
      "resolved": "https://registry.npmjs.org/source-map/-/source-map-0.1.32.tgz",
      "integrity": "sha1-yLbBZ3l7pHQKjqMyUhYv8IWRsmY=",
      "requires": {
        "amdefine": ">=0.0.4"
      }
    },
    "source-map-support": {
      "version": "0.2.10",
      "resolved": "https://registry.npmjs.org/source-map-support/-/source-map-support-0.2.10.tgz",
      "integrity": "sha1-6lo5AKHByyUJagrozFwrSxDe09w=",
      "requires": {
        "source-map": "0.1.32"
      }
    },
    "systemjs": {
      "version": "6.7.1",
      "resolved": "https://registry.npmjs.org/systemjs/-/systemjs-6.7.1.tgz",
      "integrity": "sha512-Q78H/SYy9ErC8PH8r9vA/FcQ3X+Hf33dOpx2JKP/Ma6f2gHuSScPFuCKZH+6CIj7EsIJlzODxSG4mMIpjOh5oA=="
    },
    "traceur": {
      "version": "0.0.111",
      "resolved": "https://registry.npmjs.org/traceur/-/traceur-0.0.111.tgz",
      "integrity": "sha1-wE3nTRRpbDNzQn3k/Ajsr5E/w6E=",
      "requires": {
        "commander": "2.9.x",
        "glob": "5.0.x",
        "rsvp": "^3.0.13",
        "semver": "^4.3.3",
        "source-map-support": "~0.2.8"
      }
    },
    "type-component": {
      "version": "0.0.1",
      "resolved": "https://registry.npmjs.org/type-component/-/type-component-0.0.1.tgz",
      "integrity": "sha1-lSpsgcIe/STRPYEdDISYy4YOGVY="
    },
    "when": {
      "version": "3.7.8",
      "resolved": "https://registry.npmjs.org/when/-/when-3.7.8.tgz",
      "integrity": "sha1-xxMLan6gRpPoQs3J56Hyqjmjn4I="
    },
    "wrappy": {
      "version": "1.0.2",
      "resolved": "https://registry.npmjs.org/wrappy/-/wrappy-1.0.2.tgz",
      "integrity": "sha1-tSQ9jz7BqjXxNkYFvA0QNuMKtp8="
    }
  }
}
